
Microsoft Visual Studio Solution File, Format Version 12.00
# Visual Studio 2013
VisualStudioVersion = 12.0.31101.0
MinimumVisualStudioVersion = 10.0.40219.1
Project("{FAE04EC0-301F-11D3-BF4B-00C04F79EFBC}") = "InterviewQuestions", "InterviewQuestions\InterviewQuestions.csproj", "{CE2BBB73-4718-44B3-B66D-EFB71F0F7713}"
EndProject
Global
	GlobalSection(SolutionConfigurationPlatforms) = preSolution
		Debug|Any CPU = Debug|Any CPU
		Release|Any CPU = Release|Any CPU
	EndGlobalSection
	GlobalSection(ProjectConfigurationPlatforms) = postSolution
		{CE2BBB73-4718-44B3-B66D-EFB71F0F7713}.Debug|Any CPU.ActiveCfg = Debug|Any CPU
		{CE2BBB73-4718-44B3-B66D-EFB71F0F7713}.Debug|Any CPU.Build.0 = Debug|Any CPU
		{CE2BBB73-4718-44B3-B66D-EFB71F0F7713}.Release|Any CPU.ActiveCfg = Release|Any CPU
		{CE2BBB73-4718-44B3-B66D-EFB71F0F7713}.Release|Any CPU.Build.0 = Release|Any CPU
	EndGlobalSection
	GlobalSection(SolutionProperties) = preSolution
		HideSolutionNode = FALSE
	EndGlobalSection
EndGlobal
